
Microsoft Visual Studio Solution File, Format Version 12.00
# Visual Studio Version 16
VisualStudioVersion = 16.0.31605.320
MinimumVisualStudioVersion = 10.0.40219.1
Project("{FAE04EC0-301F-11D3-BF4B-00C04F79EFBC}") = "Wycieczki", "Wycieczki\Wycieczki.csproj", "{37229F2F-AC03-4312-8BED-EE54EFDDE52D}"
EndProject
Global
	GlobalSection(SolutionConfigurationPlatforms) = preSolution
		Debug|Any CPU = Debug|Any CPU
		Release|Any CPU = Release|Any CPU
	EndGlobalSection
	GlobalSection(ProjectConfigurationPlatforms) = postSolution
		{37229F2F-AC03-4312-8BED-EE54EFDDE52D}.Debug|Any CPU.ActiveCfg = Debug|Any CPU
		{37229F2F-AC03-4312-8BED-EE54EFDDE52D}.Debug|Any CPU.Build.0 = Debug|Any CPU
		{37229F2F-AC03-4312-8BED-EE54EFDDE52D}.Release|Any CPU.ActiveCfg = Release|Any CPU
		{37229F2F-AC03-4312-8BED-EE54EFDDE52D}.Release|Any CPU.Build.0 = Release|Any CPU
	EndGlobalSection
	GlobalSection(SolutionProperties) = preSolution
		HideSolutionNode = FALSE
	EndGlobalSection
	GlobalSection(ExtensibilityGlobals) = postSolution
		SolutionGuid = {C1D70B92-8DC2-4729-818C-41A36138F46F}
	EndGlobalSection
EndGlobal
