
Microsoft Visual Studio Solution File, Format Version 12.00
# Visual Studio Version 17
VisualStudioVersion = 17.4.33205.214
MinimumVisualStudioVersion = 10.0.40219.1
Project("{FAE04EC0-301F-11D3-BF4B-00C04F79EFBC}") = "rock-paper-scissors game", "rock-paper-scissors game\rock-paper-scissors game.csproj", "{37D7E5C1-5AE9-43A1-94DD-84DFBA3B9877}"
EndProject
Global
	GlobalSection(SolutionConfigurationPlatforms) = preSolution
		Debug|Any CPU = Debug|Any CPU
		Release|Any CPU = Release|Any CPU
	EndGlobalSection
	GlobalSection(ProjectConfigurationPlatforms) = postSolution
		{37D7E5C1-5AE9-43A1-94DD-84DFBA3B9877}.Debug|Any CPU.ActiveCfg = Debug|Any CPU
		{37D7E5C1-5AE9-43A1-94DD-84DFBA3B9877}.Debug|Any CPU.Build.0 = Debug|Any CPU
		{37D7E5C1-5AE9-43A1-94DD-84DFBA3B9877}.Release|Any CPU.ActiveCfg = Release|Any CPU
		{37D7E5C1-5AE9-43A1-94DD-84DFBA3B9877}.Release|Any CPU.Build.0 = Release|Any CPU
	EndGlobalSection
	GlobalSection(SolutionProperties) = preSolution
		HideSolutionNode = FALSE
	EndGlobalSection
	GlobalSection(ExtensibilityGlobals) = postSolution
		SolutionGuid = {F1EBD5A1-84F9-4033-BE1D-71C3BD61DFAE}
	EndGlobalSection
EndGlobal
