
Microsoft Visual Studio Solution File, Format Version 12.00
# Visual Studio Version 17
VisualStudioVersion = 17.4.33205.214
MinimumVisualStudioVersion = 10.0.40219.1
Project("{FAE04EC0-301F-11D3-BF4B-00C04F79EFBC}") = "Kalkulator z loop", "Kalkulator z loop\Kalkulator z loop.csproj", "{CB038D92-FECB-42F7-B7E8-BB6BB627AB7F}"
EndProject
Global
	GlobalSection(SolutionConfigurationPlatforms) = preSolution
		Debug|Any CPU = Debug|Any CPU
		Release|Any CPU = Release|Any CPU
	EndGlobalSection
	GlobalSection(ProjectConfigurationPlatforms) = postSolution
		{CB038D92-FECB-42F7-B7E8-BB6BB627AB7F}.Debug|Any CPU.ActiveCfg = Debug|Any CPU
		{CB038D92-FECB-42F7-B7E8-BB6BB627AB7F}.Debug|Any CPU.Build.0 = Debug|Any CPU
		{CB038D92-FECB-42F7-B7E8-BB6BB627AB7F}.Release|Any CPU.ActiveCfg = Release|Any CPU
		{CB038D92-FECB-42F7-B7E8-BB6BB627AB7F}.Release|Any CPU.Build.0 = Release|Any CPU
	EndGlobalSection
	GlobalSection(SolutionProperties) = preSolution
		HideSolutionNode = FALSE
	EndGlobalSection
	GlobalSection(ExtensibilityGlobals) = postSolution
		SolutionGuid = {B73C1F01-3B55-484D-879B-977470699FE8}
	EndGlobalSection
EndGlobal
