
Microsoft Visual Studio Solution File, Format Version 12.00
# Visual Studio Version 17
VisualStudioVersion = 17.4.33205.214
MinimumVisualStudioVersion = 10.0.40219.1
Project("{FAE04EC0-301F-11D3-BF4B-00C04F79EFBC}") = "Simple Dice Game", "Simple Dice Game\Simple Dice Game.csproj", "{CE842A17-F419-4373-9689-A6CCEB0965C1}"
EndProject
Global
	GlobalSection(SolutionConfigurationPlatforms) = preSolution
		Debug|Any CPU = Debug|Any CPU
		Release|Any CPU = Release|Any CPU
	EndGlobalSection
	GlobalSection(ProjectConfigurationPlatforms) = postSolution
		{CE842A17-F419-4373-9689-A6CCEB0965C1}.Debug|Any CPU.ActiveCfg = Debug|Any CPU
		{CE842A17-F419-4373-9689-A6CCEB0965C1}.Debug|Any CPU.Build.0 = Debug|Any CPU
		{CE842A17-F419-4373-9689-A6CCEB0965C1}.Release|Any CPU.ActiveCfg = Release|Any CPU
		{CE842A17-F419-4373-9689-A6CCEB0965C1}.Release|Any CPU.Build.0 = Release|Any CPU
	EndGlobalSection
	GlobalSection(SolutionProperties) = preSolution
		HideSolutionNode = FALSE
	EndGlobalSection
	GlobalSection(ExtensibilityGlobals) = postSolution
		SolutionGuid = {440B4E18-2EED-4830-A5FE-8C2B9870D2D8}
	EndGlobalSection
EndGlobal
