
Microsoft Visual Studio Solution File, Format Version 12.00
# Visual Studio Version 16
VisualStudioVersion = 16.0.33130.400
MinimumVisualStudioVersion = 10.0.40219.1
Project("{FAE04EC0-301F-11D3-BF4B-00C04F79EFBC}") = "MyGratClass", "ClassLibrary1\MyGratClass.csproj", "{898508EA-5B13-4D1A-9924-BC18907DDE74}"
EndProject
Project("{FAE04EC0-301F-11D3-BF4B-00C04F79EFBC}") = "thisIsSomethingNewForMe", "thisIsSomethingNewForMe\thisIsSomethingNewForMe.csproj", "{3E0779B1-5D74-4817-A7EE-BFB3BEDB2C8A}"
EndProject
Global
	GlobalSection(SolutionConfigurationPlatforms) = preSolution
		Debug|Any CPU = Debug|Any CPU
		Release|Any CPU = Release|Any CPU
	EndGlobalSection
	GlobalSection(ProjectConfigurationPlatforms) = postSolution
		{898508EA-5B13-4D1A-9924-BC18907DDE74}.Debug|Any CPU.ActiveCfg = Debug|Any CPU
		{898508EA-5B13-4D1A-9924-BC18907DDE74}.Debug|Any CPU.Build.0 = Debug|Any CPU
		{898508EA-5B13-4D1A-9924-BC18907DDE74}.Release|Any CPU.ActiveCfg = Release|Any CPU
		{898508EA-5B13-4D1A-9924-BC18907DDE74}.Release|Any CPU.Build.0 = Release|Any CPU
		{3E0779B1-5D74-4817-A7EE-BFB3BEDB2C8A}.Debug|Any CPU.ActiveCfg = Debug|Any CPU
		{3E0779B1-5D74-4817-A7EE-BFB3BEDB2C8A}.Debug|Any CPU.Build.0 = Debug|Any CPU
		{3E0779B1-5D74-4817-A7EE-BFB3BEDB2C8A}.Release|Any CPU.ActiveCfg = Release|Any CPU
		{3E0779B1-5D74-4817-A7EE-BFB3BEDB2C8A}.Release|Any CPU.Build.0 = Release|Any CPU
	EndGlobalSection
	GlobalSection(SolutionProperties) = preSolution
		HideSolutionNode = FALSE
	EndGlobalSection
	GlobalSection(ExtensibilityGlobals) = postSolution
		SolutionGuid = {29980D32-23F4-465D-B234-A52ADD67025A}
	EndGlobalSection
EndGlobal
