
Microsoft Visual Studio Solution File, Format Version 12.00
# Visual Studio Version 17
VisualStudioVersion = 17.5.33530.505
MinimumVisualStudioVersion = 10.0.40219.1
Project("{9A19103F-16F7-4668-BE54-9A1E7A4F7556}") = "HotelTest", "HotelTest\HotelTest.csproj", "{BA65297E-E395-45B5-AFAC-C7FFE9069A90}"
EndProject
Project("{9A19103F-16F7-4668-BE54-9A1E7A4F7556}") = "Locators.HomePage.BookRoomSection", "Locators.HomePage.BookRoomSection\Locators.HomePage.BookRoomSection.csproj", "{09EC6EE2-9B68-4818-9A5E-E5F15D238EC0}"
EndProject
Project("{9A19103F-16F7-4668-BE54-9A1E7A4F7556}") = "SpecFlowProjectTest", "SpecFlowProjectTest\SpecFlowProjectTest.csproj", "{39C542FF-D92C-49AA-B089-D87E9542D192}"
EndProject
Project("{9A19103F-16F7-4668-BE54-9A1E7A4F7556}") = "SeleniumDriver", "WrapSeleniumMethod\SeleniumDriver.csproj", "{5BB58506-2C9F-4B0B-B20A-0F46208B8237}"
EndProject
Project("{9A19103F-16F7-4668-BE54-9A1E7A4F7556}") = "Logger", "Logger\Logger.csproj", "{33AC966E-7D8C-4214-A3B8-896A134A61DE}"
EndProject
Project("{FAE04EC0-301F-11D3-BF4B-00C04F79EFBC}") = "TestStarter", "TestStarter\TestStarter.csproj", "{A69BEC2E-D7C6-4FC2-AC54-1DBFE211B880}"
EndProject
Global
	GlobalSection(SolutionConfigurationPlatforms) = preSolution
		Debug|Any CPU = Debug|Any CPU
		Release|Any CPU = Release|Any CPU
	EndGlobalSection
	GlobalSection(ProjectConfigurationPlatforms) = postSolution
		{BA65297E-E395-45B5-AFAC-C7FFE9069A90}.Debug|Any CPU.ActiveCfg = Debug|Any CPU
		{BA65297E-E395-45B5-AFAC-C7FFE9069A90}.Debug|Any CPU.Build.0 = Debug|Any CPU
		{BA65297E-E395-45B5-AFAC-C7FFE9069A90}.Release|Any CPU.ActiveCfg = Release|Any CPU
		{BA65297E-E395-45B5-AFAC-C7FFE9069A90}.Release|Any CPU.Build.0 = Release|Any CPU
		{09EC6EE2-9B68-4818-9A5E-E5F15D238EC0}.Debug|Any CPU.ActiveCfg = Debug|Any CPU
		{09EC6EE2-9B68-4818-9A5E-E5F15D238EC0}.Debug|Any CPU.Build.0 = Debug|Any CPU
		{09EC6EE2-9B68-4818-9A5E-E5F15D238EC0}.Release|Any CPU.ActiveCfg = Release|Any CPU
		{09EC6EE2-9B68-4818-9A5E-E5F15D238EC0}.Release|Any CPU.Build.0 = Release|Any CPU
		{39C542FF-D92C-49AA-B089-D87E9542D192}.Debug|Any CPU.ActiveCfg = Debug|Any CPU
		{39C542FF-D92C-49AA-B089-D87E9542D192}.Debug|Any CPU.Build.0 = Debug|Any CPU
		{39C542FF-D92C-49AA-B089-D87E9542D192}.Release|Any CPU.ActiveCfg = Release|Any CPU
		{39C542FF-D92C-49AA-B089-D87E9542D192}.Release|Any CPU.Build.0 = Release|Any CPU
		{5BB58506-2C9F-4B0B-B20A-0F46208B8237}.Debug|Any CPU.ActiveCfg = Debug|Any CPU
		{5BB58506-2C9F-4B0B-B20A-0F46208B8237}.Debug|Any CPU.Build.0 = Debug|Any CPU
		{5BB58506-2C9F-4B0B-B20A-0F46208B8237}.Release|Any CPU.ActiveCfg = Release|Any CPU
		{5BB58506-2C9F-4B0B-B20A-0F46208B8237}.Release|Any CPU.Build.0 = Release|Any CPU
		{33AC966E-7D8C-4214-A3B8-896A134A61DE}.Debug|Any CPU.ActiveCfg = Debug|Any CPU
		{33AC966E-7D8C-4214-A3B8-896A134A61DE}.Debug|Any CPU.Build.0 = Debug|Any CPU
		{33AC966E-7D8C-4214-A3B8-896A134A61DE}.Release|Any CPU.ActiveCfg = Release|Any CPU
		{33AC966E-7D8C-4214-A3B8-896A134A61DE}.Release|Any CPU.Build.0 = Release|Any CPU
		{A69BEC2E-D7C6-4FC2-AC54-1DBFE211B880}.Debug|Any CPU.ActiveCfg = Debug|Any CPU
		{A69BEC2E-D7C6-4FC2-AC54-1DBFE211B880}.Debug|Any CPU.Build.0 = Debug|Any CPU
		{A69BEC2E-D7C6-4FC2-AC54-1DBFE211B880}.Release|Any CPU.ActiveCfg = Release|Any CPU
		{A69BEC2E-D7C6-4FC2-AC54-1DBFE211B880}.Release|Any CPU.Build.0 = Release|Any CPU
	EndGlobalSection
	GlobalSection(SolutionProperties) = preSolution
		HideSolutionNode = FALSE
	EndGlobalSection
	GlobalSection(ExtensibilityGlobals) = postSolution
		SolutionGuid = {B632DA00-348F-42CC-A83A-A264CBFC1128}
	EndGlobalSection
EndGlobal
