
Microsoft Visual Studio Solution File, Format Version 12.00
# Visual Studio Version 16
VisualStudioVersion = 16.0.33130.400
MinimumVisualStudioVersion = 10.0.40219.1
Project("{9A19103F-16F7-4668-BE54-9A1E7A4F7556}") = "Fun Array", "Fun Array\Fun Array.csproj", "{D5671A7A-8191-46C5-8464-C0F1101BD3DA}"
EndProject
Global
	GlobalSection(SolutionConfigurationPlatforms) = preSolution
		Debug|Any CPU = Debug|Any CPU
		Release|Any CPU = Release|Any CPU
	EndGlobalSection
	GlobalSection(ProjectConfigurationPlatforms) = postSolution
		{D5671A7A-8191-46C5-8464-C0F1101BD3DA}.Debug|Any CPU.ActiveCfg = Debug|Any CPU
		{D5671A7A-8191-46C5-8464-C0F1101BD3DA}.Debug|Any CPU.Build.0 = Debug|Any CPU
		{D5671A7A-8191-46C5-8464-C0F1101BD3DA}.Release|Any CPU.ActiveCfg = Release|Any CPU
		{D5671A7A-8191-46C5-8464-C0F1101BD3DA}.Release|Any CPU.Build.0 = Release|Any CPU
	EndGlobalSection
	GlobalSection(SolutionProperties) = preSolution
		HideSolutionNode = FALSE
	EndGlobalSection
	GlobalSection(ExtensibilityGlobals) = postSolution
		SolutionGuid = {62876362-1F7A-4652-8603-554BC7C6F36A}
	EndGlobalSection
EndGlobal
