
Microsoft Visual Studio Solution File, Format Version 12.00
# Visual Studio Version 16
VisualStudioVersion = 16.0.31605.320
MinimumVisualStudioVersion = 10.0.40219.1
Project("{FAE04EC0-301F-11D3-BF4B-00C04F79EFBC}") = "MergeList", "MergeList\MergeList.csproj", "{FA3EA1EA-FEB6-46F8-ADCC-C9F2A7C40852}"
EndProject
Global
	GlobalSection(SolutionConfigurationPlatforms) = preSolution
		Debug|Any CPU = Debug|Any CPU
		Release|Any CPU = Release|Any CPU
	EndGlobalSection
	GlobalSection(ProjectConfigurationPlatforms) = postSolution
		{FA3EA1EA-FEB6-46F8-ADCC-C9F2A7C40852}.Debug|Any CPU.ActiveCfg = Debug|Any CPU
		{FA3EA1EA-FEB6-46F8-ADCC-C9F2A7C40852}.Debug|Any CPU.Build.0 = Debug|Any CPU
		{FA3EA1EA-FEB6-46F8-ADCC-C9F2A7C40852}.Release|Any CPU.ActiveCfg = Release|Any CPU
		{FA3EA1EA-FEB6-46F8-ADCC-C9F2A7C40852}.Release|Any CPU.Build.0 = Release|Any CPU
	EndGlobalSection
	GlobalSection(SolutionProperties) = preSolution
		HideSolutionNode = FALSE
	EndGlobalSection
	GlobalSection(ExtensibilityGlobals) = postSolution
		SolutionGuid = {EB5C0C16-FCD8-4ECD-BF50-E929FC12A532}
	EndGlobalSection
EndGlobal
