
Microsoft Visual Studio Solution File, Format Version 12.00
# Visual Studio Version 17
VisualStudioVersion = 17.5.33414.496
MinimumVisualStudioVersion = 10.0.40219.1
Project("{FAE04EC0-301F-11D3-BF4B-00C04F79EFBC}") = "Decide", "Decide\Decide.csproj", "{58C35314-1BEF-46E6-8168-4948D540C0BA}"
EndProject
Global
	GlobalSection(SolutionConfigurationPlatforms) = preSolution
		Debug|Any CPU = Debug|Any CPU
		Release|Any CPU = Release|Any CPU
	EndGlobalSection
	GlobalSection(ProjectConfigurationPlatforms) = postSolution
		{58C35314-1BEF-46E6-8168-4948D540C0BA}.Debug|Any CPU.ActiveCfg = Debug|Any CPU
		{58C35314-1BEF-46E6-8168-4948D540C0BA}.Debug|Any CPU.Build.0 = Debug|Any CPU
		{58C35314-1BEF-46E6-8168-4948D540C0BA}.Release|Any CPU.ActiveCfg = Release|Any CPU
		{58C35314-1BEF-46E6-8168-4948D540C0BA}.Release|Any CPU.Build.0 = Release|Any CPU
	EndGlobalSection
	GlobalSection(SolutionProperties) = preSolution
		HideSolutionNode = FALSE
	EndGlobalSection
	GlobalSection(ExtensibilityGlobals) = postSolution
		SolutionGuid = {DCB7AB8E-E369-456F-B62D-F121D5B51DDA}
	EndGlobalSection
EndGlobal
