
Microsoft Visual Studio Solution File, Format Version 12.00
# Visual Studio Version 16
VisualStudioVersion = 16.0.33130.400
MinimumVisualStudioVersion = 10.0.40219.1
Project("{9A19103F-16F7-4668-BE54-9A1E7A4F7556}") = "IDE_zadanie_1", "IDE_zadanie_1\IDE_zadanie_1.csproj", "{C159E0A8-EB5A-4E7D-9714-58726F7CDA04}"
EndProject
Project("{9A19103F-16F7-4668-BE54-9A1E7A4F7556}") = "NUnit Test Project", "NUnit Test Project\NUnit Test Project.csproj", "{77340B53-F66C-4903-9537-6D93A1551C1E}"
EndProject
Project("{FAE04EC0-301F-11D3-BF4B-00C04F79EFBC}") = "mojaPierwszaBiblioteka", "mojaPierwszaBiblioteka\mojaPierwszaBiblioteka.csproj", "{6F222340-5728-498D-BA6B-24D440239B0B}"
EndProject
Global
	GlobalSection(SolutionConfigurationPlatforms) = preSolution
		Debug|Any CPU = Debug|Any CPU
		Release|Any CPU = Release|Any CPU
	EndGlobalSection
	GlobalSection(ProjectConfigurationPlatforms) = postSolution
		{C159E0A8-EB5A-4E7D-9714-58726F7CDA04}.Debug|Any CPU.ActiveCfg = Debug|Any CPU
		{C159E0A8-EB5A-4E7D-9714-58726F7CDA04}.Debug|Any CPU.Build.0 = Debug|Any CPU
		{C159E0A8-EB5A-4E7D-9714-58726F7CDA04}.Release|Any CPU.ActiveCfg = Release|Any CPU
		{C159E0A8-EB5A-4E7D-9714-58726F7CDA04}.Release|Any CPU.Build.0 = Release|Any CPU
		{77340B53-F66C-4903-9537-6D93A1551C1E}.Debug|Any CPU.ActiveCfg = Debug|Any CPU
		{77340B53-F66C-4903-9537-6D93A1551C1E}.Debug|Any CPU.Build.0 = Debug|Any CPU
		{77340B53-F66C-4903-9537-6D93A1551C1E}.Release|Any CPU.ActiveCfg = Release|Any CPU
		{77340B53-F66C-4903-9537-6D93A1551C1E}.Release|Any CPU.Build.0 = Release|Any CPU
		{6F222340-5728-498D-BA6B-24D440239B0B}.Debug|Any CPU.ActiveCfg = Debug|Any CPU
		{6F222340-5728-498D-BA6B-24D440239B0B}.Debug|Any CPU.Build.0 = Debug|Any CPU
		{6F222340-5728-498D-BA6B-24D440239B0B}.Release|Any CPU.ActiveCfg = Release|Any CPU
		{6F222340-5728-498D-BA6B-24D440239B0B}.Release|Any CPU.Build.0 = Release|Any CPU
	EndGlobalSection
	GlobalSection(SolutionProperties) = preSolution
		HideSolutionNode = FALSE
	EndGlobalSection
	GlobalSection(ExtensibilityGlobals) = postSolution
		SolutionGuid = {D83C5A25-E55D-4147-94E0-33C8E215EA8D}
	EndGlobalSection
EndGlobal
