
Microsoft Visual Studio Solution File, Format Version 12.00
# Visual Studio Version 17
VisualStudioVersion = 17.4.33205.214
MinimumVisualStudioVersion = 10.0.40219.1
Project("{9A19103F-16F7-4668-BE54-9A1E7A4F7556}") = "Interface", "CurrencyConversion\Interface.csproj", "{06A8E73A-56F2-4979-9E03-FDB7DCEA8404}"
EndProject
Project("{9A19103F-16F7-4668-BE54-9A1E7A4F7556}") = "CurrencyConversion", "Option\CurrencyConversion.csproj", "{92F3011F-7B05-4677-87C4-F0951281454B}"
EndProject
Project("{9A19103F-16F7-4668-BE54-9A1E7A4F7556}") = "CurrencySelection", "Decide\CurrencySelection.csproj", "{9715D67E-AE55-40AD-858E-29FBA81D343D}"
EndProject
Global
	GlobalSection(SolutionConfigurationPlatforms) = preSolution
		Debug|Any CPU = Debug|Any CPU
		Release|Any CPU = Release|Any CPU
	EndGlobalSection
	GlobalSection(ProjectConfigurationPlatforms) = postSolution
		{06A8E73A-56F2-4979-9E03-FDB7DCEA8404}.Debug|Any CPU.ActiveCfg = Debug|Any CPU
		{06A8E73A-56F2-4979-9E03-FDB7DCEA8404}.Debug|Any CPU.Build.0 = Debug|Any CPU
		{06A8E73A-56F2-4979-9E03-FDB7DCEA8404}.Release|Any CPU.ActiveCfg = Release|Any CPU
		{06A8E73A-56F2-4979-9E03-FDB7DCEA8404}.Release|Any CPU.Build.0 = Release|Any CPU
		{92F3011F-7B05-4677-87C4-F0951281454B}.Debug|Any CPU.ActiveCfg = Debug|Any CPU
		{92F3011F-7B05-4677-87C4-F0951281454B}.Debug|Any CPU.Build.0 = Debug|Any CPU
		{92F3011F-7B05-4677-87C4-F0951281454B}.Release|Any CPU.ActiveCfg = Release|Any CPU
		{92F3011F-7B05-4677-87C4-F0951281454B}.Release|Any CPU.Build.0 = Release|Any CPU
		{9715D67E-AE55-40AD-858E-29FBA81D343D}.Debug|Any CPU.ActiveCfg = Debug|Any CPU
		{9715D67E-AE55-40AD-858E-29FBA81D343D}.Debug|Any CPU.Build.0 = Debug|Any CPU
		{9715D67E-AE55-40AD-858E-29FBA81D343D}.Release|Any CPU.ActiveCfg = Release|Any CPU
		{9715D67E-AE55-40AD-858E-29FBA81D343D}.Release|Any CPU.Build.0 = Release|Any CPU
	EndGlobalSection
	GlobalSection(SolutionProperties) = preSolution
		HideSolutionNode = FALSE
	EndGlobalSection
	GlobalSection(ExtensibilityGlobals) = postSolution
		SolutionGuid = {58CA2CA3-F19D-4A96-B6EF-A1A7B63BC0CA}
	EndGlobalSection
EndGlobal
