
Microsoft Visual Studio Solution File, Format Version 12.00
# Visual Studio Version 16
VisualStudioVersion = 16.0.31605.320
MinimumVisualStudioVersion = 10.0.40219.1
Project("{FAE04EC0-301F-11D3-BF4B-00C04F79EFBC}") = "Travels", "Travels\Travels.csproj", "{0CF55E84-C27D-467D-ABDB-5FE218840580}"
EndProject
Project("{FAE04EC0-301F-11D3-BF4B-00C04F79EFBC}") = "Data", "Data\Data.csproj", "{DC9E535F-FAF6-4D8F-B7A7-E7EC8F250B9B}"
EndProject
Project("{FAE04EC0-301F-11D3-BF4B-00C04F79EFBC}") = "Option", "Option\Option.csproj", "{DF19BE6F-D828-4BFE-B813-40DA8FB36860}"
EndProject
Global
	GlobalSection(SolutionConfigurationPlatforms) = preSolution
		Debug|Any CPU = Debug|Any CPU
		Release|Any CPU = Release|Any CPU
	EndGlobalSection
	GlobalSection(ProjectConfigurationPlatforms) = postSolution
		{0CF55E84-C27D-467D-ABDB-5FE218840580}.Debug|Any CPU.ActiveCfg = Debug|Any CPU
		{0CF55E84-C27D-467D-ABDB-5FE218840580}.Debug|Any CPU.Build.0 = Debug|Any CPU
		{0CF55E84-C27D-467D-ABDB-5FE218840580}.Release|Any CPU.ActiveCfg = Release|Any CPU
		{0CF55E84-C27D-467D-ABDB-5FE218840580}.Release|Any CPU.Build.0 = Release|Any CPU
		{DC9E535F-FAF6-4D8F-B7A7-E7EC8F250B9B}.Debug|Any CPU.ActiveCfg = Debug|Any CPU
		{DC9E535F-FAF6-4D8F-B7A7-E7EC8F250B9B}.Debug|Any CPU.Build.0 = Debug|Any CPU
		{DC9E535F-FAF6-4D8F-B7A7-E7EC8F250B9B}.Release|Any CPU.ActiveCfg = Release|Any CPU
		{DC9E535F-FAF6-4D8F-B7A7-E7EC8F250B9B}.Release|Any CPU.Build.0 = Release|Any CPU
		{DF19BE6F-D828-4BFE-B813-40DA8FB36860}.Debug|Any CPU.ActiveCfg = Debug|Any CPU
		{DF19BE6F-D828-4BFE-B813-40DA8FB36860}.Debug|Any CPU.Build.0 = Debug|Any CPU
		{DF19BE6F-D828-4BFE-B813-40DA8FB36860}.Release|Any CPU.ActiveCfg = Release|Any CPU
		{DF19BE6F-D828-4BFE-B813-40DA8FB36860}.Release|Any CPU.Build.0 = Release|Any CPU
	EndGlobalSection
	GlobalSection(SolutionProperties) = preSolution
		HideSolutionNode = FALSE
	EndGlobalSection
	GlobalSection(ExtensibilityGlobals) = postSolution
		SolutionGuid = {9F6E89DA-CE08-49E8-876C-578A44998C5D}
	EndGlobalSection
EndGlobal
