
Microsoft Visual Studio Solution File, Format Version 12.00
# Visual Studio Version 17
VisualStudioVersion = 17.4.33205.214
MinimumVisualStudioVersion = 10.0.40219.1
Project("{FAE04EC0-301F-11D3-BF4B-00C04F79EFBC}") = "ulepszony kalkulator if", "ulepszony kalkulator if\ulepszony kalkulator if.csproj", "{C4289A1C-E37F-4028-A225-86324A8961D2}"
EndProject
Global
	GlobalSection(SolutionConfigurationPlatforms) = preSolution
		Debug|Any CPU = Debug|Any CPU
		Release|Any CPU = Release|Any CPU
	EndGlobalSection
	GlobalSection(ProjectConfigurationPlatforms) = postSolution
		{C4289A1C-E37F-4028-A225-86324A8961D2}.Debug|Any CPU.ActiveCfg = Debug|Any CPU
		{C4289A1C-E37F-4028-A225-86324A8961D2}.Debug|Any CPU.Build.0 = Debug|Any CPU
		{C4289A1C-E37F-4028-A225-86324A8961D2}.Release|Any CPU.ActiveCfg = Release|Any CPU
		{C4289A1C-E37F-4028-A225-86324A8961D2}.Release|Any CPU.Build.0 = Release|Any CPU
	EndGlobalSection
	GlobalSection(SolutionProperties) = preSolution
		HideSolutionNode = FALSE
	EndGlobalSection
	GlobalSection(ExtensibilityGlobals) = postSolution
		SolutionGuid = {C8CE3736-B95A-40AC-90FA-CD2AB29727EC}
	EndGlobalSection
EndGlobal
